
Microsoft Visual Studio Solution File, Format Version 12.00
# Visual Studio Version 17
VisualStudioVersion = 17.0.31903.59
MinimumVisualStudioVersion = 10.0.40219.1
Project("{2150E333-8FDC-42A3-9474-1A3956D46DE8}") = "src", "src", "{1E2B1356-3254-4BDA-9D47-9D94D13DD51C}"
EndProject
Project("{2150E333-8FDC-42A3-9474-1A3956D46DE8}") = "BuildingBlocks", "BuildingBlocks", "{909B84E9-6DFE-43AE-9C54-0C643C884DF7}"
EndProject
Project("{FAE04EC0-301F-11D3-BF4B-00C04F79EFBC}") = "CqrsDemo.BuildingBlocks.Domain", "src\BuildingBlocks\CqrsDemo.BuildingBlocks.Domain\CqrsDemo.BuildingBlocks.Domain.csproj", "{0B44730F-E956-40B8-975E-B4F51C0A48BF}"
EndProject
Project("{FAE04EC0-301F-11D3-BF4B-00C04F79EFBC}") = "CqrsDemo.BuildingBlocks.EventStore", "src\BuildingBlocks\CqrsDemo.BuildingBlocks.EventStore\CqrsDemo.BuildingBlocks.EventStore.csproj", "{113C5A30-2BC4-47B6-A650-937EDDBD4AAD}"
EndProject
Project("{FAE04EC0-301F-11D3-BF4B-00C04F79EFBC}") = "CqrsDemo.BuildingBlocks.Messaging", "src\BuildingBlocks\CqrsDemo.BuildingBlocks.Messaging\CqrsDemo.BuildingBlocks.Messaging.csproj", "{373F956F-DA0C-4E2B-B44E-5085147A5857}"
EndProject
Project("{FAE04EC0-301F-11D3-BF4B-00C04F79EFBC}") = "CqrsDemo.Contracts", "src\CqrsDemo.Contracts\CqrsDemo.Contracts.csproj", "{48C522E2-2BDB-4068-A4CC-FB1C4C2E9691}"
EndProject
Project("{2150E333-8FDC-42A3-9474-1A3956D46DE8}") = "Services", "Services", "{491E74D5-2411-420E-9917-AAE53DD67861}"
EndProject
Project("{2150E333-8FDC-42A3-9474-1A3956D46DE8}") = "Product", "Product", "{3A99377E-838E-40DB-A3C2-D6814CD0E94D}"
EndProject
Project("{FAE04EC0-301F-11D3-BF4B-00C04F79EFBC}") = "Product.Domain", "src\Services\Product\Product.Domain\Product.Domain.csproj", "{FFB1C896-8B68-4877-A7A7-BDD27953E94B}"
EndProject
Project("{FAE04EC0-301F-11D3-BF4B-00C04F79EFBC}") = "Product.Application", "src\Services\Product\Product.Application\Product.Application.csproj", "{396E320B-697D-40A2-9A1B-09CEF5F4DD4D}"
EndProject
Project("{FAE04EC0-301F-11D3-BF4B-00C04F79EFBC}") = "Product.Infrastructure", "src\Services\Product\Product.Infrastructure\Product.Infrastructure.csproj", "{0C4392A9-5D36-40F9-BEA0-E263FB5DDA19}"
EndProject
Project("{FAE04EC0-301F-11D3-BF4B-00C04F79EFBC}") = "Product.Commands.Api", "src\Services\Product\Product.Commands.Api\Product.Commands.Api.csproj", "{0747EE1F-A130-4AD8-8F67-93B859246BB2}"
EndProject
Project("{FAE04EC0-301F-11D3-BF4B-00C04F79EFBC}") = "Product.Queries.Api", "src\Services\Product\Product.Queries.Api\Product.Queries.Api.csproj", "{AD28DBE3-D166-445F-8D91-74289F60842D}"
EndProject
Project("{FAE04EC0-301F-11D3-BF4B-00C04F79EFBC}") = "Product.Projection.Worker", "src\Services\Product\Product.Projection.Worker\Product.Projection.Worker.csproj", "{33B3B293-ED6E-4370-B886-7CA2ECB74FB5}"
EndProject
Project("{2150E333-8FDC-42A3-9474-1A3956D46DE8}") = "Cart", "Cart", "{F5F7D93C-CEA3-4B21-825A-A1B95B43E6A2}"
EndProject
Project("{FAE04EC0-301F-11D3-BF4B-00C04F79EFBC}") = "Cart.Domain", "src\Services\Cart\Cart.Domain\Cart.Domain.csproj", "{1ABFDB2D-91F2-4C65-B410-5F62BAB5E1E5}"
EndProject
Project("{FAE04EC0-301F-11D3-BF4B-00C04F79EFBC}") = "Cart.Application", "src\Services\Cart\Cart.Application\Cart.Application.csproj", "{CFDAF14A-981A-4A41-B79E-254C35CD5FE1}"
EndProject
Project("{FAE04EC0-301F-11D3-BF4B-00C04F79EFBC}") = "Cart.Infrastructure", "src\Services\Cart\Cart.Infrastructure\Cart.Infrastructure.csproj", "{AF537623-3D47-4EEF-BAE9-D3359C71F725}"
EndProject
Project("{FAE04EC0-301F-11D3-BF4B-00C04F79EFBC}") = "Cart.Commands.Api", "src\Services\Cart\Cart.Commands.Api\Cart.Commands.Api.csproj", "{91BD1CA5-542D-420F-A691-D893622F6D32}"
EndProject
Project("{FAE04EC0-301F-11D3-BF4B-00C04F79EFBC}") = "Cart.Queries.Api", "src\Services\Cart\Cart.Queries.Api\Cart.Queries.Api.csproj", "{15101783-5E04-4C55-8DCE-1B9AC51B50AB}"
EndProject
Project("{FAE04EC0-301F-11D3-BF4B-00C04F79EFBC}") = "Cart.Projection.Worker", "src\Services\Cart\Cart.Projection.Worker\Cart.Projection.Worker.csproj", "{AB846BEE-B28F-481B-A9F4-92A648B5C051}"
EndProject
Project("{2150E333-8FDC-42A3-9474-1A3956D46DE8}") = "Order", "Order", "{2412F8DF-3587-4C4D-A290-B033D6B488AF}"
EndProject
Project("{FAE04EC0-301F-11D3-BF4B-00C04F79EFBC}") = "Order.Domain", "src\Services\Order\Order.Domain\Order.Domain.csproj", "{9C6EE8C3-9E68-4672-A9BA-84A316FDF0DA}"
EndProject
Project("{FAE04EC0-301F-11D3-BF4B-00C04F79EFBC}") = "Order.Application", "src\Services\Order\Order.Application\Order.Application.csproj", "{30B751D4-F4D5-4506-A8AF-7C27E21DE963}"
EndProject
Project("{FAE04EC0-301F-11D3-BF4B-00C04F79EFBC}") = "Order.Infrastructure", "src\Services\Order\Order.Infrastructure\Order.Infrastructure.csproj", "{0584FEF4-E755-4176-8ED0-CFA585A5E5BC}"
EndProject
Project("{FAE04EC0-301F-11D3-BF4B-00C04F79EFBC}") = "Order.Commands.Api", "src\Services\Order\Order.Commands.Api\Order.Commands.Api.csproj", "{0D881B16-C18C-404C-A018-93406583D44C}"
EndProject
Project("{FAE04EC0-301F-11D3-BF4B-00C04F79EFBC}") = "Order.Queries.Api", "src\Services\Order\Order.Queries.Api\Order.Queries.Api.csproj", "{65FED35E-548D-472A-817C-2667FF1DB71F}"
EndProject
Project("{FAE04EC0-301F-11D3-BF4B-00C04F79EFBC}") = "Order.Projection.Worker", "src\Services\Order\Order.Projection.Worker\Order.Projection.Worker.csproj", "{78513F84-BF1A-4B59-B6EA-0B0E2AAF9B36}"
EndProject
Project("{FAE04EC0-301F-11D3-BF4B-00C04F79EFBC}") = "Order.Integration.Worker", "src\Services\Order\Order.Integration.Worker\Order.Integration.Worker.csproj", "{E8273F37-BE9E-48FD-9E88-AA0837B941D2}"
EndProject
Project("{2150E333-8FDC-42A3-9474-1A3956D46DE8}") = "Payment", "Payment", "{6F9FE14B-838A-4DF4-A48D-59EFAC3998D5}"
EndProject
Project("{FAE04EC0-301F-11D3-BF4B-00C04F79EFBC}") = "Payment.Domain", "src\Services\Payment\Payment.Domain\Payment.Domain.csproj", "{1757B0A0-4EF5-4C2F-AB63-3666E8F43C33}"
EndProject
Project("{FAE04EC0-301F-11D3-BF4B-00C04F79EFBC}") = "Payment.Application", "src\Services\Payment\Payment.Application\Payment.Application.csproj", "{7754F4EC-35B8-4EFF-86A5-B1512437210D}"
EndProject
Project("{FAE04EC0-301F-11D3-BF4B-00C04F79EFBC}") = "Payment.Infrastructure", "src\Services\Payment\Payment.Infrastructure\Payment.Infrastructure.csproj", "{7260AFE1-424D-4196-9183-4B634D5E39A0}"
EndProject
Project("{FAE04EC0-301F-11D3-BF4B-00C04F79EFBC}") = "Payment.Commands.Api", "src\Services\Payment\Payment.Commands.Api\Payment.Commands.Api.csproj", "{5206B551-10ED-4373-B1B1-CAF3F2AEECCB}"
EndProject
Project("{FAE04EC0-301F-11D3-BF4B-00C04F79EFBC}") = "Payment.Queries.Api", "src\Services\Payment\Payment.Queries.Api\Payment.Queries.Api.csproj", "{56114591-76E8-459E-8D72-7FF87E9F255E}"
EndProject
Project("{FAE04EC0-301F-11D3-BF4B-00C04F79EFBC}") = "Payment.Projection.Worker", "src\Services\Payment\Payment.Projection.Worker\Payment.Projection.Worker.csproj", "{FC68083C-D188-4DA0-B01B-1EB91219CE5B}"
EndProject
Project("{2150E333-8FDC-42A3-9474-1A3956D46DE8}") = "Gateway", "Gateway", "{A17D8D34-8FB3-426B-895B-A791DE8D347C}"
EndProject
Project("{FAE04EC0-301F-11D3-BF4B-00C04F79EFBC}") = "Shop.Gateway.Api", "src\Gateway\Shop.Gateway.Api\Shop.Gateway.Api.csproj", "{59EDF443-0618-43C7-84EE-41BF542BA234}"
EndProject
Project("{2150E333-8FDC-42A3-9474-1A3956D46DE8}") = "Saga", "Saga", "{BBD15F45-E861-4339-895F-94DA0E4453BD}"
EndProject
Project("{FAE04EC0-301F-11D3-BF4B-00C04F79EFBC}") = "CheckoutSaga.Domain", "src\Services\Saga\CheckoutSaga.Domain\CheckoutSaga.Domain.csproj", "{331323ED-F269-4B86-A6CF-38A9BA49184F}"
EndProject
Project("{FAE04EC0-301F-11D3-BF4B-00C04F79EFBC}") = "CheckoutSaga.Application", "src\Services\Saga\CheckoutSaga.Application\CheckoutSaga.Application.csproj", "{F2FAD9C0-0F33-4908-8816-64FD61059ED8}"
EndProject
Project("{FAE04EC0-301F-11D3-BF4B-00C04F79EFBC}") = "CheckoutSaga.Infrastructure", "src\Services\Saga\CheckoutSaga.Infrastructure\CheckoutSaga.Infrastructure.csproj", "{21EF6148-9874-45B7-AC16-41714D19C247}"
EndProject
Project("{FAE04EC0-301F-11D3-BF4B-00C04F79EFBC}") = "CheckoutSaga.Api", "src\Services\Saga\CheckoutSaga.Api\CheckoutSaga.Api.csproj", "{BE854FD6-E15E-4C5E-B41D-95F6D2BA87DC}"
EndProject
Project("{FAE04EC0-301F-11D3-BF4B-00C04F79EFBC}") = "CheckoutSaga.Worker", "src\Services\Saga\CheckoutSaga.Worker\CheckoutSaga.Worker.csproj", "{204C686D-7937-44F9-9282-29947C7915F7}"
EndProject
Project("{2150E333-8FDC-42A3-9474-1A3956D46DE8}") = "User", "User", "{C05ADEC1-AD36-459F-94BA-D02681C7BC76}"
EndProject
Project("{FAE04EC0-301F-11D3-BF4B-00C04F79EFBC}") = "User.Domain", "src\Services\User\User.Domain\User.Domain.csproj", "{E4265E95-427D-4FD2-8B2A-59FDB7CD4940}"
EndProject
Project("{FAE04EC0-301F-11D3-BF4B-00C04F79EFBC}") = "User.Application", "src\Services\User\User.Application\User.Application.csproj", "{64B89D68-3A09-48C0-8B07-47F7E8EAD2E7}"
EndProject
Project("{FAE04EC0-301F-11D3-BF4B-00C04F79EFBC}") = "User.Infrastructure", "src\Services\User\User.Infrastructure\User.Infrastructure.csproj", "{B7CA7C94-9018-421A-9200-73A838209DBF}"
EndProject
Project("{FAE04EC0-301F-11D3-BF4B-00C04F79EFBC}") = "User.Commands.Api", "src\Services\User\User.Commands.Api\User.Commands.Api.csproj", "{A75D2514-FD30-4611-A3D2-C0714C024C52}"
EndProject
Project("{FAE04EC0-301F-11D3-BF4B-00C04F79EFBC}") = "User.Queries.Api", "src\Services\User\User.Queries.Api\User.Queries.Api.csproj", "{0A662474-456E-411E-BA53-CE1A7E03710E}"
EndProject
Project("{FAE04EC0-301F-11D3-BF4B-00C04F79EFBC}") = "User.Projection.Worker", "src\Services\User\User.Projection.Worker\User.Projection.Worker.csproj", "{27616499-20A1-4669-867A-15FCA85899BD}"
EndProject
Project("{2150E333-8FDC-42A3-9474-1A3956D46DE8}") = "Reporting", "Reporting", "{A36D478B-58EC-46EF-BC83-35E94E7A4F75}"
EndProject
Project("{FAE04EC0-301F-11D3-BF4B-00C04F79EFBC}") = "Reporting.Application", "src\Services\Reporting\Reporting.Application\Reporting.Application.csproj", "{1998B2A2-0F0F-4F8F-9F5F-FAFBCD29B840}"
EndProject
Project("{FAE04EC0-301F-11D3-BF4B-00C04F79EFBC}") = "Reporting.Infrastructure", "src\Services\Reporting\Reporting.Infrastructure\Reporting.Infrastructure.csproj", "{8F6B17F9-A3F7-4509-A4FB-ABAA182AA166}"
EndProject
Project("{FAE04EC0-301F-11D3-BF4B-00C04F79EFBC}") = "Reporting.Queries.Api", "src\Services\Reporting\Reporting.Queries.Api\Reporting.Queries.Api.csproj", "{E014D68A-E822-4ECD-99D7-53C917BF60F8}"
EndProject
Project("{FAE04EC0-301F-11D3-BF4B-00C04F79EFBC}") = "Reporting.Projection.Worker", "src\Services\Reporting\Reporting.Projection.Worker\Reporting.Projection.Worker.csproj", "{3DDE875E-6BDE-40D6-A9FB-3B9C67744A06}"
EndProject
Global
	GlobalSection(SolutionConfigurationPlatforms) = preSolution
		Debug|Any CPU = Debug|Any CPU
		Release|Any CPU = Release|Any CPU
	EndGlobalSection
	GlobalSection(SolutionProperties) = preSolution
		HideSolutionNode = FALSE
	EndGlobalSection
	GlobalSection(ProjectConfigurationPlatforms) = postSolution
		{0B44730F-E956-40B8-975E-B4F51C0A48BF}.Debug|Any CPU.ActiveCfg = Debug|Any CPU
		{0B44730F-E956-40B8-975E-B4F51C0A48BF}.Debug|Any CPU.Build.0 = Debug|Any CPU
		{0B44730F-E956-40B8-975E-B4F51C0A48BF}.Release|Any CPU.ActiveCfg = Release|Any CPU
		{0B44730F-E956-40B8-975E-B4F51C0A48BF}.Release|Any CPU.Build.0 = Release|Any CPU
		{113C5A30-2BC4-47B6-A650-937EDDBD4AAD}.Debug|Any CPU.ActiveCfg = Debug|Any CPU
		{113C5A30-2BC4-47B6-A650-937EDDBD4AAD}.Debug|Any CPU.Build.0 = Debug|Any CPU
		{113C5A30-2BC4-47B6-A650-937EDDBD4AAD}.Release|Any CPU.ActiveCfg = Release|Any CPU
		{113C5A30-2BC4-47B6-A650-937EDDBD4AAD}.Release|Any CPU.Build.0 = Release|Any CPU
		{373F956F-DA0C-4E2B-B44E-5085147A5857}.Debug|Any CPU.ActiveCfg = Debug|Any CPU
		{373F956F-DA0C-4E2B-B44E-5085147A5857}.Debug|Any CPU.Build.0 = Debug|Any CPU
		{373F956F-DA0C-4E2B-B44E-5085147A5857}.Release|Any CPU.ActiveCfg = Release|Any CPU
		{373F956F-DA0C-4E2B-B44E-5085147A5857}.Release|Any CPU.Build.0 = Release|Any CPU
		{48C522E2-2BDB-4068-A4CC-FB1C4C2E9691}.Debug|Any CPU.ActiveCfg = Debug|Any CPU
		{48C522E2-2BDB-4068-A4CC-FB1C4C2E9691}.Debug|Any CPU.Build.0 = Debug|Any CPU
		{48C522E2-2BDB-4068-A4CC-FB1C4C2E9691}.Release|Any CPU.ActiveCfg = Release|Any CPU
		{48C522E2-2BDB-4068-A4CC-FB1C4C2E9691}.Release|Any CPU.Build.0 = Release|Any CPU
		{FFB1C896-8B68-4877-A7A7-BDD27953E94B}.Debug|Any CPU.ActiveCfg = Debug|Any CPU
		{FFB1C896-8B68-4877-A7A7-BDD27953E94B}.Debug|Any CPU.Build.0 = Debug|Any CPU
		{FFB1C896-8B68-4877-A7A7-BDD27953E94B}.Release|Any CPU.ActiveCfg = Release|Any CPU
		{FFB1C896-8B68-4877-A7A7-BDD27953E94B}.Release|Any CPU.Build.0 = Release|Any CPU
		{396E320B-697D-40A2-9A1B-09CEF5F4DD4D}.Debug|Any CPU.ActiveCfg = Debug|Any CPU
		{396E320B-697D-40A2-9A1B-09CEF5F4DD4D}.Debug|Any CPU.Build.0 = Debug|Any CPU
		{396E320B-697D-40A2-9A1B-09CEF5F4DD4D}.Release|Any CPU.ActiveCfg = Release|Any CPU
		{396E320B-697D-40A2-9A1B-09CEF5F4DD4D}.Release|Any CPU.Build.0 = Release|Any CPU
		{0C4392A9-5D36-40F9-BEA0-E263FB5DDA19}.Debug|Any CPU.ActiveCfg = Debug|Any CPU
		{0C4392A9-5D36-40F9-BEA0-E263FB5DDA19}.Debug|Any CPU.Build.0 = Debug|Any CPU
		{0C4392A9-5D36-40F9-BEA0-E263FB5DDA19}.Release|Any CPU.ActiveCfg = Release|Any CPU
		{0C4392A9-5D36-40F9-BEA0-E263FB5DDA19}.Release|Any CPU.Build.0 = Release|Any CPU
		{0747EE1F-A130-4AD8-8F67-93B859246BB2}.Debug|Any CPU.ActiveCfg = Debug|Any CPU
		{0747EE1F-A130-4AD8-8F67-93B859246BB2}.Debug|Any CPU.Build.0 = Debug|Any CPU
		{0747EE1F-A130-4AD8-8F67-93B859246BB2}.Release|Any CPU.ActiveCfg = Release|Any CPU
		{0747EE1F-A130-4AD8-8F67-93B859246BB2}.Release|Any CPU.Build.0 = Release|Any CPU
		{AD28DBE3-D166-445F-8D91-74289F60842D}.Debug|Any CPU.ActiveCfg = Debug|Any CPU
		{AD28DBE3-D166-445F-8D91-74289F60842D}.Debug|Any CPU.Build.0 = Debug|Any CPU
		{AD28DBE3-D166-445F-8D91-74289F60842D}.Release|Any CPU.ActiveCfg = Release|Any CPU
		{AD28DBE3-D166-445F-8D91-74289F60842D}.Release|Any CPU.Build.0 = Release|Any CPU
		{33B3B293-ED6E-4370-B886-7CA2ECB74FB5}.Debug|Any CPU.ActiveCfg = Debug|Any CPU
		{33B3B293-ED6E-4370-B886-7CA2ECB74FB5}.Debug|Any CPU.Build.0 = Debug|Any CPU
		{33B3B293-ED6E-4370-B886-7CA2ECB74FB5}.Release|Any CPU.ActiveCfg = Release|Any CPU
		{33B3B293-ED6E-4370-B886-7CA2ECB74FB5}.Release|Any CPU.Build.0 = Release|Any CPU
		{1ABFDB2D-91F2-4C65-B410-5F62BAB5E1E5}.Debug|Any CPU.ActiveCfg = Debug|Any CPU
		{1ABFDB2D-91F2-4C65-B410-5F62BAB5E1E5}.Debug|Any CPU.Build.0 = Debug|Any CPU
		{1ABFDB2D-91F2-4C65-B410-5F62BAB5E1E5}.Release|Any CPU.ActiveCfg = Release|Any CPU
		{1ABFDB2D-91F2-4C65-B410-5F62BAB5E1E5}.Release|Any CPU.Build.0 = Release|Any CPU
		{CFDAF14A-981A-4A41-B79E-254C35CD5FE1}.Debug|Any CPU.ActiveCfg = Debug|Any CPU
		{CFDAF14A-981A-4A41-B79E-254C35CD5FE1}.Debug|Any CPU.Build.0 = Debug|Any CPU
		{CFDAF14A-981A-4A41-B79E-254C35CD5FE1}.Release|Any CPU.ActiveCfg = Release|Any CPU
		{CFDAF14A-981A-4A41-B79E-254C35CD5FE1}.Release|Any CPU.Build.0 = Release|Any CPU
		{AF537623-3D47-4EEF-BAE9-D3359C71F725}.Debug|Any CPU.ActiveCfg = Debug|Any CPU
		{AF537623-3D47-4EEF-BAE9-D3359C71F725}.Debug|Any CPU.Build.0 = Debug|Any CPU
		{AF537623-3D47-4EEF-BAE9-D3359C71F725}.Release|Any CPU.ActiveCfg = Release|Any CPU
		{AF537623-3D47-4EEF-BAE9-D3359C71F725}.Release|Any CPU.Build.0 = Release|Any CPU
		{91BD1CA5-542D-420F-A691-D893622F6D32}.Debug|Any CPU.ActiveCfg = Debug|Any CPU
		{91BD1CA5-542D-420F-A691-D893622F6D32}.Debug|Any CPU.Build.0 = Debug|Any CPU
		{91BD1CA5-542D-420F-A691-D893622F6D32}.Release|Any CPU.ActiveCfg = Release|Any CPU
		{91BD1CA5-542D-420F-A691-D893622F6D32}.Release|Any CPU.Build.0 = Release|Any CPU
		{15101783-5E04-4C55-8DCE-1B9AC51B50AB}.Debug|Any CPU.ActiveCfg = Debug|Any CPU
		{15101783-5E04-4C55-8DCE-1B9AC51B50AB}.Debug|Any CPU.Build.0 = Debug|Any CPU
		{15101783-5E04-4C55-8DCE-1B9AC51B50AB}.Release|Any CPU.ActiveCfg = Release|Any CPU
		{15101783-5E04-4C55-8DCE-1B9AC51B50AB}.Release|Any CPU.Build.0 = Release|Any CPU
		{AB846BEE-B28F-481B-A9F4-92A648B5C051}.Debug|Any CPU.ActiveCfg = Debug|Any CPU
		{AB846BEE-B28F-481B-A9F4-92A648B5C051}.Debug|Any CPU.Build.0 = Debug|Any CPU
		{AB846BEE-B28F-481B-A9F4-92A648B5C051}.Release|Any CPU.ActiveCfg = Release|Any CPU
		{AB846BEE-B28F-481B-A9F4-92A648B5C051}.Release|Any CPU.Build.0 = Release|Any CPU
		{9C6EE8C3-9E68-4672-A9BA-84A316FDF0DA}.Debug|Any CPU.ActiveCfg = Debug|Any CPU
		{9C6EE8C3-9E68-4672-A9BA-84A316FDF0DA}.Debug|Any CPU.Build.0 = Debug|Any CPU
		{9C6EE8C3-9E68-4672-A9BA-84A316FDF0DA}.Release|Any CPU.ActiveCfg = Release|Any CPU
		{9C6EE8C3-9E68-4672-A9BA-84A316FDF0DA}.Release|Any CPU.Build.0 = Release|Any CPU
		{30B751D4-F4D5-4506-A8AF-7C27E21DE963}.Debug|Any CPU.ActiveCfg = Debug|Any CPU
		{30B751D4-F4D5-4506-A8AF-7C27E21DE963}.Debug|Any CPU.Build.0 = Debug|Any CPU
		{30B751D4-F4D5-4506-A8AF-7C27E21DE963}.Release|Any CPU.ActiveCfg = Release|Any CPU
		{30B751D4-F4D5-4506-A8AF-7C27E21DE963}.Release|Any CPU.Build.0 = Release|Any CPU
		{0584FEF4-E755-4176-8ED0-CFA585A5E5BC}.Debug|Any CPU.ActiveCfg = Debug|Any CPU
		{0584FEF4-E755-4176-8ED0-CFA585A5E5BC}.Debug|Any CPU.Build.0 = Debug|Any CPU
		{0584FEF4-E755-4176-8ED0-CFA585A5E5BC}.Release|Any CPU.ActiveCfg = Release|Any CPU
		{0584FEF4-E755-4176-8ED0-CFA585A5E5BC}.Release|Any CPU.Build.0 = Release|Any CPU
		{0D881B16-C18C-404C-A018-93406583D44C}.Debug|Any CPU.ActiveCfg = Debug|Any CPU
		{0D881B16-C18C-404C-A018-93406583D44C}.Debug|Any CPU.Build.0 = Debug|Any CPU
		{0D881B16-C18C-404C-A018-93406583D44C}.Release|Any CPU.ActiveCfg = Release|Any CPU
		{0D881B16-C18C-404C-A018-93406583D44C}.Release|Any CPU.Build.0 = Release|Any CPU
		{65FED35E-548D-472A-817C-2667FF1DB71F}.Debug|Any CPU.ActiveCfg = Debug|Any CPU
		{65FED35E-548D-472A-817C-2667FF1DB71F}.Debug|Any CPU.Build.0 = Debug|Any CPU
		{65FED35E-548D-472A-817C-2667FF1DB71F}.Release|Any CPU.ActiveCfg = Release|Any CPU
		{65FED35E-548D-472A-817C-2667FF1DB71F}.Release|Any CPU.Build.0 = Release|Any CPU
		{78513F84-BF1A-4B59-B6EA-0B0E2AAF9B36}.Debug|Any CPU.ActiveCfg = Debug|Any CPU
		{78513F84-BF1A-4B59-B6EA-0B0E2AAF9B36}.Debug|Any CPU.Build.0 = Debug|Any CPU
		{78513F84-BF1A-4B59-B6EA-0B0E2AAF9B36}.Release|Any CPU.ActiveCfg = Release|Any CPU
		{78513F84-BF1A-4B59-B6EA-0B0E2AAF9B36}.Release|Any CPU.Build.0 = Release|Any CPU
		{E8273F37-BE9E-48FD-9E88-AA0837B941D2}.Debug|Any CPU.ActiveCfg = Debug|Any CPU
		{E8273F37-BE9E-48FD-9E88-AA0837B941D2}.Debug|Any CPU.Build.0 = Debug|Any CPU
		{E8273F37-BE9E-48FD-9E88-AA0837B941D2}.Release|Any CPU.ActiveCfg = Release|Any CPU
		{E8273F37-BE9E-48FD-9E88-AA0837B941D2}.Release|Any CPU.Build.0 = Release|Any CPU
		{1757B0A0-4EF5-4C2F-AB63-3666E8F43C33}.Debug|Any CPU.ActiveCfg = Debug|Any CPU
		{1757B0A0-4EF5-4C2F-AB63-3666E8F43C33}.Debug|Any CPU.Build.0 = Debug|Any CPU
		{1757B0A0-4EF5-4C2F-AB63-3666E8F43C33}.Release|Any CPU.ActiveCfg = Release|Any CPU
		{1757B0A0-4EF5-4C2F-AB63-3666E8F43C33}.Release|Any CPU.Build.0 = Release|Any CPU
		{7754F4EC-35B8-4EFF-86A5-B1512437210D}.Debug|Any CPU.ActiveCfg = Debug|Any CPU
		{7754F4EC-35B8-4EFF-86A5-B1512437210D}.Debug|Any CPU.Build.0 = Debug|Any CPU
		{7754F4EC-35B8-4EFF-86A5-B1512437210D}.Release|Any CPU.ActiveCfg = Release|Any CPU
		{7754F4EC-35B8-4EFF-86A5-B1512437210D}.Release|Any CPU.Build.0 = Release|Any CPU
		{7260AFE1-424D-4196-9183-4B634D5E39A0}.Debug|Any CPU.ActiveCfg = Debug|Any CPU
		{7260AFE1-424D-4196-9183-4B634D5E39A0}.Debug|Any CPU.Build.0 = Debug|Any CPU
		{7260AFE1-424D-4196-9183-4B634D5E39A0}.Release|Any CPU.ActiveCfg = Release|Any CPU
		{7260AFE1-424D-4196-9183-4B634D5E39A0}.Release|Any CPU.Build.0 = Release|Any CPU
		{5206B551-10ED-4373-B1B1-CAF3F2AEECCB}.Debug|Any CPU.ActiveCfg = Debug|Any CPU
		{5206B551-10ED-4373-B1B1-CAF3F2AEECCB}.Debug|Any CPU.Build.0 = Debug|Any CPU
		{5206B551-10ED-4373-B1B1-CAF3F2AEECCB}.Release|Any CPU.ActiveCfg = Release|Any CPU
		{5206B551-10ED-4373-B1B1-CAF3F2AEECCB}.Release|Any CPU.Build.0 = Release|Any CPU
		{56114591-76E8-459E-8D72-7FF87E9F255E}.Debug|Any CPU.ActiveCfg = Debug|Any CPU
		{56114591-76E8-459E-8D72-7FF87E9F255E}.Debug|Any CPU.Build.0 = Debug|Any CPU
		{56114591-76E8-459E-8D72-7FF87E9F255E}.Release|Any CPU.ActiveCfg = Release|Any CPU
		{56114591-76E8-459E-8D72-7FF87E9F255E}.Release|Any CPU.Build.0 = Release|Any CPU
		{FC68083C-D188-4DA0-B01B-1EB91219CE5B}.Debug|Any CPU.ActiveCfg = Debug|Any CPU
		{FC68083C-D188-4DA0-B01B-1EB91219CE5B}.Debug|Any CPU.Build.0 = Debug|Any CPU
		{FC68083C-D188-4DA0-B01B-1EB91219CE5B}.Release|Any CPU.ActiveCfg = Release|Any CPU
		{FC68083C-D188-4DA0-B01B-1EB91219CE5B}.Release|Any CPU.Build.0 = Release|Any CPU
		{59EDF443-0618-43C7-84EE-41BF542BA234}.Debug|Any CPU.ActiveCfg = Debug|Any CPU
		{59EDF443-0618-43C7-84EE-41BF542BA234}.Debug|Any CPU.Build.0 = Debug|Any CPU
		{59EDF443-0618-43C7-84EE-41BF542BA234}.Release|Any CPU.ActiveCfg = Release|Any CPU
		{59EDF443-0618-43C7-84EE-41BF542BA234}.Release|Any CPU.Build.0 = Release|Any CPU
		{331323ED-F269-4B86-A6CF-38A9BA49184F}.Debug|Any CPU.ActiveCfg = Debug|Any CPU
		{331323ED-F269-4B86-A6CF-38A9BA49184F}.Debug|Any CPU.Build.0 = Debug|Any CPU
		{331323ED-F269-4B86-A6CF-38A9BA49184F}.Release|Any CPU.ActiveCfg = Release|Any CPU
		{331323ED-F269-4B86-A6CF-38A9BA49184F}.Release|Any CPU.Build.0 = Release|Any CPU
		{F2FAD9C0-0F33-4908-8816-64FD61059ED8}.Debug|Any CPU.ActiveCfg = Debug|Any CPU
		{F2FAD9C0-0F33-4908-8816-64FD61059ED8}.Debug|Any CPU.Build.0 = Debug|Any CPU
		{F2FAD9C0-0F33-4908-8816-64FD61059ED8}.Release|Any CPU.ActiveCfg = Release|Any CPU
		{F2FAD9C0-0F33-4908-8816-64FD61059ED8}.Release|Any CPU.Build.0 = Release|Any CPU
		{21EF6148-9874-45B7-AC16-41714D19C247}.Debug|Any CPU.ActiveCfg = Debug|Any CPU
		{21EF6148-9874-45B7-AC16-41714D19C247}.Debug|Any CPU.Build.0 = Debug|Any CPU
		{21EF6148-9874-45B7-AC16-41714D19C247}.Release|Any CPU.ActiveCfg = Release|Any CPU
		{21EF6148-9874-45B7-AC16-41714D19C247}.Release|Any CPU.Build.0 = Release|Any CPU
		{BE854FD6-E15E-4C5E-B41D-95F6D2BA87DC}.Debug|Any CPU.ActiveCfg = Debug|Any CPU
		{BE854FD6-E15E-4C5E-B41D-95F6D2BA87DC}.Debug|Any CPU.Build.0 = Debug|Any CPU
		{BE854FD6-E15E-4C5E-B41D-95F6D2BA87DC}.Release|Any CPU.ActiveCfg = Release|Any CPU
		{BE854FD6-E15E-4C5E-B41D-95F6D2BA87DC}.Release|Any CPU.Build.0 = Release|Any CPU
		{204C686D-7937-44F9-9282-29947C7915F7}.Debug|Any CPU.ActiveCfg = Debug|Any CPU
		{204C686D-7937-44F9-9282-29947C7915F7}.Debug|Any CPU.Build.0 = Debug|Any CPU
		{204C686D-7937-44F9-9282-29947C7915F7}.Release|Any CPU.ActiveCfg = Release|Any CPU
		{204C686D-7937-44F9-9282-29947C7915F7}.Release|Any CPU.Build.0 = Release|Any CPU
		{E4265E95-427D-4FD2-8B2A-59FDB7CD4940}.Debug|Any CPU.ActiveCfg = Debug|Any CPU
		{E4265E95-427D-4FD2-8B2A-59FDB7CD4940}.Debug|Any CPU.Build.0 = Debug|Any CPU
		{E4265E95-427D-4FD2-8B2A-59FDB7CD4940}.Release|Any CPU.ActiveCfg = Release|Any CPU
		{E4265E95-427D-4FD2-8B2A-59FDB7CD4940}.Release|Any CPU.Build.0 = Release|Any CPU
		{64B89D68-3A09-48C0-8B07-47F7E8EAD2E7}.Debug|Any CPU.ActiveCfg = Debug|Any CPU
		{64B89D68-3A09-48C0-8B07-47F7E8EAD2E7}.Debug|Any CPU.Build.0 = Debug|Any CPU
		{64B89D68-3A09-48C0-8B07-47F7E8EAD2E7}.Release|Any CPU.ActiveCfg = Release|Any CPU
		{64B89D68-3A09-48C0-8B07-47F7E8EAD2E7}.Release|Any CPU.Build.0 = Release|Any CPU
		{B7CA7C94-9018-421A-9200-73A838209DBF}.Debug|Any CPU.ActiveCfg = Debug|Any CPU
		{B7CA7C94-9018-421A-9200-73A838209DBF}.Debug|Any CPU.Build.0 = Debug|Any CPU
		{B7CA7C94-9018-421A-9200-73A838209DBF}.Release|Any CPU.ActiveCfg = Release|Any CPU
		{B7CA7C94-9018-421A-9200-73A838209DBF}.Release|Any CPU.Build.0 = Release|Any CPU
		{A75D2514-FD30-4611-A3D2-C0714C024C52}.Debug|Any CPU.ActiveCfg = Debug|Any CPU
		{A75D2514-FD30-4611-A3D2-C0714C024C52}.Debug|Any CPU.Build.0 = Debug|Any CPU
		{A75D2514-FD30-4611-A3D2-C0714C024C52}.Release|Any CPU.ActiveCfg = Release|Any CPU
		{A75D2514-FD30-4611-A3D2-C0714C024C52}.Release|Any CPU.Build.0 = Release|Any CPU
		{0A662474-456E-411E-BA53-CE1A7E03710E}.Debug|Any CPU.ActiveCfg = Debug|Any CPU
		{0A662474-456E-411E-BA53-CE1A7E03710E}.Debug|Any CPU.Build.0 = Debug|Any CPU
		{0A662474-456E-411E-BA53-CE1A7E03710E}.Release|Any CPU.ActiveCfg = Release|Any CPU
		{0A662474-456E-411E-BA53-CE1A7E03710E}.Release|Any CPU.Build.0 = Release|Any CPU
		{27616499-20A1-4669-867A-15FCA85899BD}.Debug|Any CPU.ActiveCfg = Debug|Any CPU
		{27616499-20A1-4669-867A-15FCA85899BD}.Debug|Any CPU.Build.0 = Debug|Any CPU
		{27616499-20A1-4669-867A-15FCA85899BD}.Release|Any CPU.ActiveCfg = Release|Any CPU
		{27616499-20A1-4669-867A-15FCA85899BD}.Release|Any CPU.Build.0 = Release|Any CPU
		{1998B2A2-0F0F-4F8F-9F5F-FAFBCD29B840}.Debug|Any CPU.ActiveCfg = Debug|Any CPU
		{1998B2A2-0F0F-4F8F-9F5F-FAFBCD29B840}.Debug|Any CPU.Build.0 = Debug|Any CPU
		{1998B2A2-0F0F-4F8F-9F5F-FAFBCD29B840}.Release|Any CPU.ActiveCfg = Release|Any CPU
		{1998B2A2-0F0F-4F8F-9F5F-FAFBCD29B840}.Release|Any CPU.Build.0 = Release|Any CPU
		{8F6B17F9-A3F7-4509-A4FB-ABAA182AA166}.Debug|Any CPU.ActiveCfg = Debug|Any CPU
		{8F6B17F9-A3F7-4509-A4FB-ABAA182AA166}.Debug|Any CPU.Build.0 = Debug|Any CPU
		{8F6B17F9-A3F7-4509-A4FB-ABAA182AA166}.Release|Any CPU.ActiveCfg = Release|Any CPU
		{8F6B17F9-A3F7-4509-A4FB-ABAA182AA166}.Release|Any CPU.Build.0 = Release|Any CPU
		{E014D68A-E822-4ECD-99D7-53C917BF60F8}.Debug|Any CPU.ActiveCfg = Debug|Any CPU
		{E014D68A-E822-4ECD-99D7-53C917BF60F8}.Debug|Any CPU.Build.0 = Debug|Any CPU
		{E014D68A-E822-4ECD-99D7-53C917BF60F8}.Release|Any CPU.ActiveCfg = Release|Any CPU
		{E014D68A-E822-4ECD-99D7-53C917BF60F8}.Release|Any CPU.Build.0 = Release|Any CPU
		{3DDE875E-6BDE-40D6-A9FB-3B9C67744A06}.Debug|Any CPU.ActiveCfg = Debug|Any CPU
		{3DDE875E-6BDE-40D6-A9FB-3B9C67744A06}.Debug|Any CPU.Build.0 = Debug|Any CPU
		{3DDE875E-6BDE-40D6-A9FB-3B9C67744A06}.Release|Any CPU.ActiveCfg = Release|Any CPU
		{3DDE875E-6BDE-40D6-A9FB-3B9C67744A06}.Release|Any CPU.Build.0 = Release|Any CPU
	EndGlobalSection
	GlobalSection(NestedProjects) = preSolution
		{909B84E9-6DFE-43AE-9C54-0C643C884DF7} = {1E2B1356-3254-4BDA-9D47-9D94D13DD51C}
		{0B44730F-E956-40B8-975E-B4F51C0A48BF} = {909B84E9-6DFE-43AE-9C54-0C643C884DF7}
		{113C5A30-2BC4-47B6-A650-937EDDBD4AAD} = {909B84E9-6DFE-43AE-9C54-0C643C884DF7}
		{373F956F-DA0C-4E2B-B44E-5085147A5857} = {909B84E9-6DFE-43AE-9C54-0C643C884DF7}
		{48C522E2-2BDB-4068-A4CC-FB1C4C2E9691} = {1E2B1356-3254-4BDA-9D47-9D94D13DD51C}
		{491E74D5-2411-420E-9917-AAE53DD67861} = {1E2B1356-3254-4BDA-9D47-9D94D13DD51C}
		{3A99377E-838E-40DB-A3C2-D6814CD0E94D} = {491E74D5-2411-420E-9917-AAE53DD67861}
		{FFB1C896-8B68-4877-A7A7-BDD27953E94B} = {3A99377E-838E-40DB-A3C2-D6814CD0E94D}
		{396E320B-697D-40A2-9A1B-09CEF5F4DD4D} = {3A99377E-838E-40DB-A3C2-D6814CD0E94D}
		{0C4392A9-5D36-40F9-BEA0-E263FB5DDA19} = {3A99377E-838E-40DB-A3C2-D6814CD0E94D}
		{0747EE1F-A130-4AD8-8F67-93B859246BB2} = {3A99377E-838E-40DB-A3C2-D6814CD0E94D}
		{AD28DBE3-D166-445F-8D91-74289F60842D} = {3A99377E-838E-40DB-A3C2-D6814CD0E94D}
		{33B3B293-ED6E-4370-B886-7CA2ECB74FB5} = {3A99377E-838E-40DB-A3C2-D6814CD0E94D}
		{F5F7D93C-CEA3-4B21-825A-A1B95B43E6A2} = {491E74D5-2411-420E-9917-AAE53DD67861}
		{1ABFDB2D-91F2-4C65-B410-5F62BAB5E1E5} = {F5F7D93C-CEA3-4B21-825A-A1B95B43E6A2}
		{CFDAF14A-981A-4A41-B79E-254C35CD5FE1} = {F5F7D93C-CEA3-4B21-825A-A1B95B43E6A2}
		{AF537623-3D47-4EEF-BAE9-D3359C71F725} = {F5F7D93C-CEA3-4B21-825A-A1B95B43E6A2}
		{91BD1CA5-542D-420F-A691-D893622F6D32} = {F5F7D93C-CEA3-4B21-825A-A1B95B43E6A2}
		{15101783-5E04-4C55-8DCE-1B9AC51B50AB} = {F5F7D93C-CEA3-4B21-825A-A1B95B43E6A2}
		{AB846BEE-B28F-481B-A9F4-92A648B5C051} = {F5F7D93C-CEA3-4B21-825A-A1B95B43E6A2}
		{2412F8DF-3587-4C4D-A290-B033D6B488AF} = {491E74D5-2411-420E-9917-AAE53DD67861}
		{9C6EE8C3-9E68-4672-A9BA-84A316FDF0DA} = {2412F8DF-3587-4C4D-A290-B033D6B488AF}
		{30B751D4-F4D5-4506-A8AF-7C27E21DE963} = {2412F8DF-3587-4C4D-A290-B033D6B488AF}
		{0584FEF4-E755-4176-8ED0-CFA585A5E5BC} = {2412F8DF-3587-4C4D-A290-B033D6B488AF}
		{0D881B16-C18C-404C-A018-93406583D44C} = {2412F8DF-3587-4C4D-A290-B033D6B488AF}
		{65FED35E-548D-472A-817C-2667FF1DB71F} = {2412F8DF-3587-4C4D-A290-B033D6B488AF}
		{78513F84-BF1A-4B59-B6EA-0B0E2AAF9B36} = {2412F8DF-3587-4C4D-A290-B033D6B488AF}
		{E8273F37-BE9E-48FD-9E88-AA0837B941D2} = {2412F8DF-3587-4C4D-A290-B033D6B488AF}
		{6F9FE14B-838A-4DF4-A48D-59EFAC3998D5} = {491E74D5-2411-420E-9917-AAE53DD67861}
		{1757B0A0-4EF5-4C2F-AB63-3666E8F43C33} = {6F9FE14B-838A-4DF4-A48D-59EFAC3998D5}
		{7754F4EC-35B8-4EFF-86A5-B1512437210D} = {6F9FE14B-838A-4DF4-A48D-59EFAC3998D5}
		{7260AFE1-424D-4196-9183-4B634D5E39A0} = {6F9FE14B-838A-4DF4-A48D-59EFAC3998D5}
		{5206B551-10ED-4373-B1B1-CAF3F2AEECCB} = {6F9FE14B-838A-4DF4-A48D-59EFAC3998D5}
		{56114591-76E8-459E-8D72-7FF87E9F255E} = {6F9FE14B-838A-4DF4-A48D-59EFAC3998D5}
		{FC68083C-D188-4DA0-B01B-1EB91219CE5B} = {6F9FE14B-838A-4DF4-A48D-59EFAC3998D5}
		{A17D8D34-8FB3-426B-895B-A791DE8D347C} = {1E2B1356-3254-4BDA-9D47-9D94D13DD51C}
		{59EDF443-0618-43C7-84EE-41BF542BA234} = {A17D8D34-8FB3-426B-895B-A791DE8D347C}
		{BBD15F45-E861-4339-895F-94DA0E4453BD} = {491E74D5-2411-420E-9917-AAE53DD67861}
		{331323ED-F269-4B86-A6CF-38A9BA49184F} = {BBD15F45-E861-4339-895F-94DA0E4453BD}
		{F2FAD9C0-0F33-4908-8816-64FD61059ED8} = {BBD15F45-E861-4339-895F-94DA0E4453BD}
		{21EF6148-9874-45B7-AC16-41714D19C247} = {BBD15F45-E861-4339-895F-94DA0E4453BD}
		{BE854FD6-E15E-4C5E-B41D-95F6D2BA87DC} = {BBD15F45-E861-4339-895F-94DA0E4453BD}
		{204C686D-7937-44F9-9282-29947C7915F7} = {BBD15F45-E861-4339-895F-94DA0E4453BD}
		{C05ADEC1-AD36-459F-94BA-D02681C7BC76} = {491E74D5-2411-420E-9917-AAE53DD67861}
		{E4265E95-427D-4FD2-8B2A-59FDB7CD4940} = {C05ADEC1-AD36-459F-94BA-D02681C7BC76}
		{64B89D68-3A09-48C0-8B07-47F7E8EAD2E7} = {C05ADEC1-AD36-459F-94BA-D02681C7BC76}
		{B7CA7C94-9018-421A-9200-73A838209DBF} = {C05ADEC1-AD36-459F-94BA-D02681C7BC76}
		{A75D2514-FD30-4611-A3D2-C0714C024C52} = {C05ADEC1-AD36-459F-94BA-D02681C7BC76}
		{0A662474-456E-411E-BA53-CE1A7E03710E} = {C05ADEC1-AD36-459F-94BA-D02681C7BC76}
		{27616499-20A1-4669-867A-15FCA85899BD} = {C05ADEC1-AD36-459F-94BA-D02681C7BC76}
		{A36D478B-58EC-46EF-BC83-35E94E7A4F75} = {491E74D5-2411-420E-9917-AAE53DD67861}
		{1998B2A2-0F0F-4F8F-9F5F-FAFBCD29B840} = {A36D478B-58EC-46EF-BC83-35E94E7A4F75}
		{8F6B17F9-A3F7-4509-A4FB-ABAA182AA166} = {A36D478B-58EC-46EF-BC83-35E94E7A4F75}
		{E014D68A-E822-4ECD-99D7-53C917BF60F8} = {A36D478B-58EC-46EF-BC83-35E94E7A4F75}
		{3DDE875E-6BDE-40D6-A9FB-3B9C67744A06} = {A36D478B-58EC-46EF-BC83-35E94E7A4F75}
	EndGlobalSection
EndGlobal
